// !$*UTF8*$!
{
	archiveVersion = 1;
	classes = {
	};
	objectVersion = 48;
	objects = {

/* Begin PBXBuildFile section */
		9236E1C42027178E00136F74 /* DetailNewsViewController.swift in Sources */ = {isa = PBXBuildFile; fileRef = 9236E1C32027178E00136F74 /* DetailNewsViewController.swift */; };
		9236E1C6202717D700136F74 /* DetailNewsViewModelProtocol.swift in Sources */ = {isa = PBXBuildFile; fileRef = 9236E1C5202717D700136F74 /* DetailNewsViewModelProtocol.swift */; };
		9236E1C8202717E200136F74 /* DetailNewsViewModel.swift in Sources */ = {isa = PBXBuildFile; fileRef = 9236E1C7202717E200136F74 /* DetailNewsViewModel.swift */; };
		92543E94201B54EA00AB6B22 /* AppDelegate.swift in Sources */ = {isa = PBXBuildFile; fileRef = 92543E93201B54EA00AB6B22 /* AppDelegate.swift */; };
		92543E96201B54EB00AB6B22 /* FeedViewController.swift in Sources */ = {isa = PBXBuildFile; fileRef = 92543E95201B54EB00AB6B22 /* FeedViewController.swift */; };
		92543E9B201B54EB00AB6B22 /* Main.storyboard in Resources */ = {isa = PBXBuildFile; fileRef = 92543E99201B54EB00AB6B22 /* Main.storyboard */; };
		92543E9D201B54EB00AB6B22 /* Assets.xcassets in Resources */ = {isa = PBXBuildFile; fileRef = 92543E9C201B54EB00AB6B22 /* Assets.xcassets */; };
		92543EA0201B54EB00AB6B22 /* LaunchScreen.storyboard in Resources */ = {isa = PBXBuildFile; fileRef = 92543E9E201B54EB00AB6B22 /* LaunchScreen.storyboard */; };
		92543EAB201B54EB00AB6B22 /* VeilleTests.swift in Sources */ = {isa = PBXBuildFile; fileRef = 92543EAA201B54EB00AB6B22 /* VeilleTests.swift */; };
		92939179209A36FD00F2E99C /* mockData.plist in Resources */ = {isa = PBXBuildFile; fileRef = 92939178209A36FD00F2E99C /* mockData.plist */; };
		92C4B3CF201B587300483521 /* Veille.xcdatamodeld in Sources */ = {isa = PBXBuildFile; fileRef = 92C4B3CD201B587200483521 /* Veille.xcdatamodeld */; };
		92C4B3D1201B5EFE00483521 /* Article.swift in Sources */ = {isa = PBXBuildFile; fileRef = 92C4B3D0201B5EFE00483521 /* Article.swift */; };
		92C4B3E2201C9EDE00483521 /* APIService.swift in Sources */ = {isa = PBXBuildFile; fileRef = 92C4B3E1201C9EDE00483521 /* APIService.swift */; };
		92C4B3E4201CB4C600483521 /* NewsFeedViewModelProtocol.swift in Sources */ = {isa = PBXBuildFile; fileRef = 92C4B3E3201CB4C600483521 /* NewsFeedViewModelProtocol.swift */; };
		92C4B3E6201CB56500483521 /* NewsFeedViewModel.swift in Sources */ = {isa = PBXBuildFile; fileRef = 92C4B3E5201CB56500483521 /* NewsFeedViewModel.swift */; };
		92C4B3E8201CB62C00483521 /* Tag.swift in Sources */ = {isa = PBXBuildFile; fileRef = 92C4B3E7201CB62C00483521 /* Tag.swift */; };
		92DE79B820A49A56002E73F4 /* ShareViewController.swift in Sources */ = {isa = PBXBuildFile; fileRef = 92DE79B720A49A56002E73F4 /* ShareViewController.swift */; };
		92DE79BB20A49A56002E73F4 /* MainInterface.storyboard in Resources */ = {isa = PBXBuildFile; fileRef = 92DE79B920A49A56002E73F4 /* MainInterface.storyboard */; };
		92DE79BF20A49A56002E73F4 /* WebPageSharing.appex in Embed App Extensions */ = {isa = PBXBuildFile; fileRef = 92DE79B520A49A56002E73F4 /* WebPageSharing.appex */; settings = {ATTRIBUTES = (RemoveHeadersOnCopy, ); }; };
		92DE79C320A49A7C002E73F4 /* GetPageMetaData.js in Resources */ = {isa = PBXBuildFile; fileRef = 927729A4209F9E8C009A822E /* GetPageMetaData.js */; };
		92DE79C420A49A7C002E73F4 /* GetUrl.js in Resources */ = {isa = PBXBuildFile; fileRef = 927729A6209FA351009A822E /* GetUrl.js */; };
		92EE65C120A4B23000B0AD18 /* ContainerViewController.swift in Sources */ = {isa = PBXBuildFile; fileRef = 92EE65C020A4B23000B0AD18 /* ContainerViewController.swift */; };
		92EE65C220A4B70100B0AD18 /* Veille.xcdatamodeld in Sources */ = {isa = PBXBuildFile; fileRef = 92C4B3CD201B587200483521 /* Veille.xcdatamodeld */; };
		92EE65C420A4B78E00B0AD18 /* CoreDataStack.swift in Sources */ = {isa = PBXBuildFile; fileRef = 92EE65C320A4B78E00B0AD18 /* CoreDataStack.swift */; };
		92EE65C620A4C1D400B0AD18 /* Extension+Date.swift in Sources */ = {isa = PBXBuildFile; fileRef = 92EE65C520A4C1D400B0AD18 /* Extension+Date.swift */; };
/* End PBXBuildFile section */

/* Begin PBXContainerItemProxy section */
		92543EA7201B54EB00AB6B22 /* PBXContainerItemProxy */ = {
			isa = PBXContainerItemProxy;
			containerPortal = 92543E88201B54EA00AB6B22 /* Project object */;
			proxyType = 1;
			remoteGlobalIDString = 92543E8F201B54EA00AB6B22;
			remoteInfo = Veille;
		};
		92DE79BD20A49A56002E73F4 /* PBXContainerItemProxy */ = {
			isa = PBXContainerItemProxy;
			containerPortal = 92543E88201B54EA00AB6B22 /* Project object */;
			proxyType = 1;
			remoteGlobalIDString = 92DE79B420A49A56002E73F4;
			remoteInfo = WebPageSharing;
		};
/* End PBXContainerItemProxy section */

/* Begin PBXCopyFilesBuildPhase section */
		92543EC7201B550B00AB6B22 /* Embed App Extensions */ = {
			isa = PBXCopyFilesBuildPhase;
			buildActionMask = 2147483647;
			dstPath = "";
			dstSubfolderSpec = 13;
			files = (
				92DE79BF20A49A56002E73F4 /* WebPageSharing.appex in Embed App Extensions */,
			);
			name = "Embed App Extensions";
			runOnlyForDeploymentPostprocessing = 0;
		};
/* End PBXCopyFilesBuildPhase section */

/* Begin PBXFileReference section */
		9236E1C32027178E00136F74 /* DetailNewsViewController.swift */ = {isa = PBXFileReference; lastKnownFileType = sourcecode.swift; path = DetailNewsViewController.swift; sourceTree = "<group>"; };
		9236E1C5202717D700136F74 /* DetailNewsViewModelProtocol.swift */ = {isa = PBXFileReference; lastKnownFileType = sourcecode.swift; path = DetailNewsViewModelProtocol.swift; sourceTree = "<group>"; };
		9236E1C7202717E200136F74 /* DetailNewsViewModel.swift */ = {isa = PBXFileReference; lastKnownFileType = sourcecode.swift; path = DetailNewsViewModel.swift; sourceTree = "<group>"; };
		92543E90201B54EA00AB6B22 /* Veille.app */ = {isa = PBXFileReference; explicitFileType = wrapper.application; includeInIndex = 0; path = Veille.app; sourceTree = BUILT_PRODUCTS_DIR; };
		92543E93201B54EA00AB6B22 /* AppDelegate.swift */ = {isa = PBXFileReference; lastKnownFileType = sourcecode.swift; path = AppDelegate.swift; sourceTree = "<group>"; };
		92543E95201B54EB00AB6B22 /* FeedViewController.swift */ = {isa = PBXFileReference; lastKnownFileType = sourcecode.swift; path = FeedViewController.swift; sourceTree = "<group>"; };
		92543E9A201B54EB00AB6B22 /* Base */ = {isa = PBXFileReference; lastKnownFileType = file.storyboard; name = Base; path = Base.lproj/Main.storyboard; sourceTree = "<group>"; };
		92543E9C201B54EB00AB6B22 /* Assets.xcassets */ = {isa = PBXFileReference; lastKnownFileType = folder.assetcatalog; path = Assets.xcassets; sourceTree = "<group>"; };
		92543E9F201B54EB00AB6B22 /* Base */ = {isa = PBXFileReference; lastKnownFileType = file.storyboard; name = Base; path = Base.lproj/LaunchScreen.storyboard; sourceTree = "<group>"; };
		92543EA1201B54EB00AB6B22 /* Info.plist */ = {isa = PBXFileReference; lastKnownFileType = text.plist.xml; path = Info.plist; sourceTree = "<group>"; };
		92543EA6201B54EB00AB6B22 /* VeilleTests.xctest */ = {isa = PBXFileReference; explicitFileType = wrapper.cfbundle; includeInIndex = 0; path = VeilleTests.xctest; sourceTree = BUILT_PRODUCTS_DIR; };
		92543EAA201B54EB00AB6B22 /* VeilleTests.swift */ = {isa = PBXFileReference; lastKnownFileType = sourcecode.swift; path = VeilleTests.swift; sourceTree = "<group>"; };
		92543EAC201B54EB00AB6B22 /* Info.plist */ = {isa = PBXFileReference; lastKnownFileType = text.plist.xml; path = Info.plist; sourceTree = "<group>"; };
		927729A4209F9E8C009A822E /* GetPageMetaData.js */ = {isa = PBXFileReference; lastKnownFileType = sourcecode.javascript; path = GetPageMetaData.js; sourceTree = "<group>"; };
		927729A6209FA351009A822E /* GetUrl.js */ = {isa = PBXFileReference; lastKnownFileType = sourcecode.javascript; path = GetUrl.js; sourceTree = "<group>"; };
		92939178209A36FD00F2E99C /* mockData.plist */ = {isa = PBXFileReference; lastKnownFileType = text.plist.xml; path = mockData.plist; sourceTree = "<group>"; };
		92C4B3CE201B587200483521 /* Veille.xcdatamodel */ = {isa = PBXFileReference; lastKnownFileType = wrapper.xcdatamodel; path = Veille.xcdatamodel; sourceTree = "<group>"; };
		92C4B3D0201B5EFE00483521 /* Article.swift */ = {isa = PBXFileReference; lastKnownFileType = sourcecode.swift; path = Article.swift; sourceTree = "<group>"; };
		92C4B3E1201C9EDE00483521 /* APIService.swift */ = {isa = PBXFileReference; lastKnownFileType = sourcecode.swift; path = APIService.swift; sourceTree = "<group>"; };
		92C4B3E3201CB4C600483521 /* NewsFeedViewModelProtocol.swift */ = {isa = PBXFileReference; lastKnownFileType = sourcecode.swift; path = NewsFeedViewModelProtocol.swift; sourceTree = "<group>"; };
		92C4B3E5201CB56500483521 /* NewsFeedViewModel.swift */ = {isa = PBXFileReference; lastKnownFileType = sourcecode.swift; path = NewsFeedViewModel.swift; sourceTree = "<group>"; };
		92C4B3E7201CB62C00483521 /* Tag.swift */ = {isa = PBXFileReference; lastKnownFileType = sourcecode.swift; path = Tag.swift; sourceTree = "<group>"; };
		92DE79AF20A496D5002E73F4 /* Veille.entitlements */ = {isa = PBXFileReference; lastKnownFileType = text.plist.entitlements; path = Veille.entitlements; sourceTree = "<group>"; };
		92DE79B520A49A56002E73F4 /* WebPageSharing.appex */ = {isa = PBXFileReference; explicitFileType = "wrapper.app-extension"; includeInIndex = 0; path = WebPageSharing.appex; sourceTree = BUILT_PRODUCTS_DIR; };
		92DE79B720A49A56002E73F4 /* ShareViewController.swift */ = {isa = PBXFileReference; lastKnownFileType = sourcecode.swift; path = ShareViewController.swift; sourceTree = "<group>"; };
		92DE79BA20A49A56002E73F4 /* Base */ = {isa = PBXFileReference; lastKnownFileType = file.storyboard; name = Base; path = Base.lproj/MainInterface.storyboard; sourceTree = "<group>"; };
		92DE79BC20A49A56002E73F4 /* Info.plist */ = {isa = PBXFileReference; lastKnownFileType = text.plist.xml; path = Info.plist; sourceTree = "<group>"; };
		92DE79C520A4A96D002E73F4 /* WebPageSharing.entitlements */ = {isa = PBXFileReference; lastKnownFileType = text.plist.entitlements; path = WebPageSharing.entitlements; sourceTree = "<group>"; };
		92EE65C020A4B23000B0AD18 /* ContainerViewController.swift */ = {isa = PBXFileReference; lastKnownFileType = sourcecode.swift; path = ContainerViewController.swift; sourceTree = "<group>"; };
		92EE65C320A4B78E00B0AD18 /* CoreDataStack.swift */ = {isa = PBXFileReference; lastKnownFileType = sourcecode.swift; path = CoreDataStack.swift; sourceTree = "<group>"; };
		92EE65C520A4C1D400B0AD18 /* Extension+Date.swift */ = {isa = PBXFileReference; lastKnownFileType = sourcecode.swift; path = "Extension+Date.swift"; sourceTree = "<group>"; };
/* End PBXFileReference section */

/* Begin PBXFrameworksBuildPhase section */
		92543E8D201B54EA00AB6B22 /* Frameworks */ = {
			isa = PBXFrameworksBuildPhase;
			buildActionMask = 2147483647;
			files = (
			);
			runOnlyForDeploymentPostprocessing = 0;
		};
		92543EA3201B54EB00AB6B22 /* Frameworks */ = {
			isa = PBXFrameworksBuildPhase;
			buildActionMask = 2147483647;
			files = (
			);
			runOnlyForDeploymentPostprocessing = 0;
		};
		92DE79B220A49A56002E73F4 /* Frameworks */ = {
			isa = PBXFrameworksBuildPhase;
			buildActionMask = 2147483647;
			files = (
			);
			runOnlyForDeploymentPostprocessing = 0;
		};
/* End PBXFrameworksBuildPhase section */

/* Begin PBXGroup section */
		92543E87201B54EA00AB6B22 = {
			isa = PBXGroup;
			children = (
				92543E92201B54EA00AB6B22 /* Veille */,
				92543EA9201B54EB00AB6B22 /* VeilleTests */,
				92DE79B620A49A56002E73F4 /* WebPageSharing */,
				92543E91201B54EA00AB6B22 /* Products */,
			);
			sourceTree = "<group>";
		};
		92543E91201B54EA00AB6B22 /* Products */ = {
			isa = PBXGroup;
			children = (
				92543E90201B54EA00AB6B22 /* Veille.app */,
				92543EA6201B54EB00AB6B22 /* VeilleTests.xctest */,
				92DE79B520A49A56002E73F4 /* WebPageSharing.appex */,
			);
			name = Products;
			sourceTree = "<group>";
		};
		92543E92201B54EA00AB6B22 /* Veille */ = {
			isa = PBXGroup;
			children = (
				92DE79AF20A496D5002E73F4 /* Veille.entitlements */,
				92C4B3E0201C9C8D00483521 /* Extensions */,
				92C4B3DF201C9C8800483521 /* Services */,
				92C4B3EB201F4D3400483521 /* View */,
				92C4B3DE201C9C7800483521 /* ViewController */,
				92C4B3DD201C9C7300483521 /* ViewModel */,
				92C4B3DC201C9C6E00483521 /* Model */,
				92543E93201B54EA00AB6B22 /* AppDelegate.swift */,
				92543E99201B54EB00AB6B22 /* Main.storyboard */,
				92543E9C201B54EB00AB6B22 /* Assets.xcassets */,
				92543E9E201B54EB00AB6B22 /* LaunchScreen.storyboard */,
				92543EA1201B54EB00AB6B22 /* Info.plist */,
			);
			path = Veille;
			sourceTree = "<group>";
		};
		92543EA9201B54EB00AB6B22 /* VeilleTests */ = {
			isa = PBXGroup;
			children = (
				92543EAA201B54EB00AB6B22 /* VeilleTests.swift */,
				92543EAC201B54EB00AB6B22 /* Info.plist */,
			);
			path = VeilleTests;
			sourceTree = "<group>";
		};
		92C4B3DC201C9C6E00483521 /* Model */ = {
			isa = PBXGroup;
			children = (
				92939178209A36FD00F2E99C /* mockData.plist */,
				92C4B3CD201B587200483521 /* Veille.xcdatamodeld */,
				92C4B3D0201B5EFE00483521 /* Article.swift */,
				92C4B3E7201CB62C00483521 /* Tag.swift */,
				92EE65C320A4B78E00B0AD18 /* CoreDataStack.swift */,
			);
			path = Model;
			sourceTree = "<group>";
		};
		92C4B3DD201C9C7300483521 /* ViewModel */ = {
			isa = PBXGroup;
			children = (
				92C4B3E3201CB4C600483521 /* NewsFeedViewModelProtocol.swift */,
				92C4B3E5201CB56500483521 /* NewsFeedViewModel.swift */,
				9236E1C5202717D700136F74 /* DetailNewsViewModelProtocol.swift */,
				9236E1C7202717E200136F74 /* DetailNewsViewModel.swift */,
			);
			path = ViewModel;
			sourceTree = "<group>";
		};
		92C4B3DE201C9C7800483521 /* ViewController */ = {
			isa = PBXGroup;
			children = (
				92543E95201B54EB00AB6B22 /* FeedViewController.swift */,
				9236E1C32027178E00136F74 /* DetailNewsViewController.swift */,
				92EE65C020A4B23000B0AD18 /* ContainerViewController.swift */,
			);
			path = ViewController;
			sourceTree = "<group>";
		};
		92C4B3DF201C9C8800483521 /* Services */ = {
			isa = PBXGroup;
			children = (
				92C4B3E1201C9EDE00483521 /* APIService.swift */,
			);
			path = Services;
			sourceTree = "<group>";
		};
		92C4B3E0201C9C8D00483521 /* Extensions */ = {
			isa = PBXGroup;
			children = (
				92EE65C520A4C1D400B0AD18 /* Extension+Date.swift */,
			);
			path = Extensions;
			sourceTree = "<group>";
		};
		92C4B3EB201F4D3400483521 /* View */ = {
			isa = PBXGroup;
			children = (
			);
			path = View;
			sourceTree = "<group>";
		};
		92DE79B620A49A56002E73F4 /* WebPageSharing */ = {
			isa = PBXGroup;
			children = (
				92DE79C520A4A96D002E73F4 /* WebPageSharing.entitlements */,
				92DE79B720A49A56002E73F4 /* ShareViewController.swift */,
				92DE79B920A49A56002E73F4 /* MainInterface.storyboard */,
				927729A4209F9E8C009A822E /* GetPageMetaData.js */,
				927729A6209FA351009A822E /* GetUrl.js */,
				92DE79BC20A49A56002E73F4 /* Info.plist */,
			);
			path = WebPageSharing;
			sourceTree = "<group>";
		};
/* End PBXGroup section */

/* Begin PBXNativeTarget section */
		92543E8F201B54EA00AB6B22 /* Veille */ = {
			isa = PBXNativeTarget;
			buildConfigurationList = 92543EAF201B54EB00AB6B22 /* Build configuration list for PBXNativeTarget "Veille" */;
			buildPhases = (
				92543E8C201B54EA00AB6B22 /* Sources */,
				92543E8D201B54EA00AB6B22 /* Frameworks */,
				92543E8E201B54EA00AB6B22 /* Resources */,
				92543EC7201B550B00AB6B22 /* Embed App Extensions */,
			);
			buildRules = (
			);
			dependencies = (
				92DE79BE20A49A56002E73F4 /* PBXTargetDependency */,
			);
			name = Veille;
			productName = Veille;
			productReference = 92543E90201B54EA00AB6B22 /* Veille.app */;
			productType = "com.apple.product-type.application";
		};
		92543EA5201B54EB00AB6B22 /* VeilleTests */ = {
			isa = PBXNativeTarget;
			buildConfigurationList = 92543EB2201B54EB00AB6B22 /* Build configuration list for PBXNativeTarget "VeilleTests" */;
			buildPhases = (
				92543EA2201B54EB00AB6B22 /* Sources */,
				92543EA3201B54EB00AB6B22 /* Frameworks */,
				92543EA4201B54EB00AB6B22 /* Resources */,
			);
			buildRules = (
			);
			dependencies = (
				92543EA8201B54EB00AB6B22 /* PBXTargetDependency */,
			);
			name = VeilleTests;
			productName = VeilleTests;
			productReference = 92543EA6201B54EB00AB6B22 /* VeilleTests.xctest */;
			productType = "com.apple.product-type.bundle.unit-test";
		};
		92DE79B420A49A56002E73F4 /* WebPageSharing */ = {
			isa = PBXNativeTarget;
			buildConfigurationList = 92DE79C020A49A56002E73F4 /* Build configuration list for PBXNativeTarget "WebPageSharing" */;
			buildPhases = (
				92DE79B120A49A56002E73F4 /* Sources */,
				92DE79B220A49A56002E73F4 /* Frameworks */,
				92DE79B320A49A56002E73F4 /* Resources */,
			);
			buildRules = (
			);
			dependencies = (
			);
			name = WebPageSharing;
			productName = WebPageSharing;
			productReference = 92DE79B520A49A56002E73F4 /* WebPageSharing.appex */;
			productType = "com.apple.product-type.app-extension";
		};
/* End PBXNativeTarget section */

/* Begin PBXProject section */
		92543E88201B54EA00AB6B22 /* Project object */ = {
			isa = PBXProject;
			attributes = {
				LastSwiftUpdateCheck = 0930;
				LastUpgradeCheck = 0930;
				ORGANIZATIONNAME = "Anthony Da Cruz";
				TargetAttributes = {
					92543E8F201B54EA00AB6B22 = {
						CreatedOnToolsVersion = 9.2;
						ProvisioningStyle = Automatic;
						SystemCapabilities = {
							com.apple.ApplicationGroups.iOS = {
								enabled = 1;
							};
						};
					};
					92543EA5201B54EB00AB6B22 = {
						CreatedOnToolsVersion = 9.2;
						ProvisioningStyle = Automatic;
						TestTargetID = 92543E8F201B54EA00AB6B22;
					};
					92DE79B420A49A56002E73F4 = {
						CreatedOnToolsVersion = 9.3;
						ProvisioningStyle = Automatic;
						SystemCapabilities = {
							com.apple.ApplicationGroups.iOS = {
								enabled = 1;
							};
						};
					};
				};
			};
			buildConfigurationList = 92543E8B201B54EA00AB6B22 /* Build configuration list for PBXProject "Veille" */;
			compatibilityVersion = "Xcode 8.0";
			developmentRegion = en;
			hasScannedForEncodings = 0;
			knownRegions = (
				en,
				Base,
			);
			mainGroup = 92543E87201B54EA00AB6B22;
			productRefGroup = 92543E91201B54EA00AB6B22 /* Products */;
			projectDirPath = "";
			projectRoot = "";
			targets = (
				92543E8F201B54EA00AB6B22 /* Veille */,
				92543EA5201B54EB00AB6B22 /* VeilleTests */,
				92DE79B420A49A56002E73F4 /* WebPageSharing */,
			);
		};
/* End PBXProject section */

/* Begin PBXResourcesBuildPhase section */
		92543E8E201B54EA00AB6B22 /* Resources */ = {
			isa = PBXResourcesBuildPhase;
			buildActionMask = 2147483647;
			files = (
				92939179209A36FD00F2E99C /* mockData.plist in Resources */,
				92543EA0201B54EB00AB6B22 /* LaunchScreen.storyboard in Resources */,
				92543E9D201B54EB00AB6B22 /* Assets.xcassets in Resources */,
				92543E9B201B54EB00AB6B22 /* Main.storyboard in Resources */,
			);
			runOnlyForDeploymentPostprocessing = 0;
		};
		92543EA4201B54EB00AB6B22 /* Resources */ = {
			isa = PBXResourcesBuildPhase;
			buildActionMask = 2147483647;
			files = (
			);
			runOnlyForDeploymentPostprocessing = 0;
		};
		92DE79B320A49A56002E73F4 /* Resources */ = {
			isa = PBXResourcesBuildPhase;
			buildActionMask = 2147483647;
			files = (
				92DE79BB20A49A56002E73F4 /* MainInterface.storyboard in Resources */,
				92DE79C320A49A7C002E73F4 /* GetPageMetaData.js in Resources */,
				92DE79C420A49A7C002E73F4 /* GetUrl.js in Resources */,
			);
			runOnlyForDeploymentPostprocessing = 0;
		};
/* End PBXResourcesBuildPhase section */

/* Begin PBXSourcesBuildPhase section */
		92543E8C201B54EA00AB6B22 /* Sources */ = {
			isa = PBXSourcesBuildPhase;
			buildActionMask = 2147483647;
			files = (
				92C4B3CF201B587300483521 /* Veille.xcdatamodeld in Sources */,
				9236E1C42027178E00136F74 /* DetailNewsViewController.swift in Sources */,
				92543E94201B54EA00AB6B22 /* AppDelegate.swift in Sources */,
				9236E1C6202717D700136F74 /* DetailNewsViewModelProtocol.swift in Sources */,
				92C4B3E4201CB4C600483521 /* NewsFeedViewModelProtocol.swift in Sources */,
				92543E96201B54EB00AB6B22 /* FeedViewController.swift in Sources */,
				92EE65C420A4B78E00B0AD18 /* CoreDataStack.swift in Sources */,
				92C4B3E2201C9EDE00483521 /* APIService.swift in Sources */,
				9236E1C8202717E200136F74 /* DetailNewsViewModel.swift in Sources */,
				92EE65C620A4C1D400B0AD18 /* Extension+Date.swift in Sources */,
				92C4B3E8201CB62C00483521 /* Tag.swift in Sources */,
				92C4B3D1201B5EFE00483521 /* Article.swift in Sources */,
				92EE65C120A4B23000B0AD18 /* ContainerViewController.swift in Sources */,
				92C4B3E6201CB56500483521 /* NewsFeedViewModel.swift in Sources */,
			);
			runOnlyForDeploymentPostprocessing = 0;
		};
		92543EA2201B54EB00AB6B22 /* Sources */ = {
			isa = PBXSourcesBuildPhase;
			buildActionMask = 2147483647;
			files = (
				92543EAB201B54EB00AB6B22 /* VeilleTests.swift in Sources */,
			);
			runOnlyForDeploymentPostprocessing = 0;
		};
		92DE79B120A49A56002E73F4 /* Sources */ = {
			isa = PBXSourcesBuildPhase;
			buildActionMask = 2147483647;
			files = (
				92EE65C220A4B70100B0AD18 /* Veille.xcdatamodeld in Sources */,
				92DE79B820A49A56002E73F4 /* ShareViewController.swift in Sources */,
			);
			runOnlyForDeploymentPostprocessing = 0;
		};
/* End PBXSourcesBuildPhase section */

/* Begin PBXTargetDependency section */
		92543EA8201B54EB00AB6B22 /* PBXTargetDependency */ = {
			isa = PBXTargetDependency;
			target = 92543E8F201B54EA00AB6B22 /* Veille */;
			targetProxy = 92543EA7201B54EB00AB6B22 /* PBXContainerItemProxy */;
		};
		92DE79BE20A49A56002E73F4 /* PBXTargetDependency */ = {
			isa = PBXTargetDependency;
			target = 92DE79B420A49A56002E73F4 /* WebPageSharing */;
			targetProxy = 92DE79BD20A49A56002E73F4 /* PBXContainerItemProxy */;
		};
/* End PBXTargetDependency section */

/* Begin PBXVariantGroup section */
		92543E99201B54EB00AB6B22 /* Main.storyboard */ = {
			isa = PBXVariantGroup;
			children = (
				92543E9A201B54EB00AB6B22 /* Base */,
			);
			name = Main.storyboard;
			sourceTree = "<group>";
		};
		92543E9E201B54EB00AB6B22 /* LaunchScreen.storyboard */ = {
			isa = PBXVariantGroup;
			children = (
				92543E9F201B54EB00AB6B22 /* Base */,
			);
			name = LaunchScreen.storyboard;
			sourceTree = "<group>";
		};
		92DE79B920A49A56002E73F4 /* MainInterface.storyboard */ = {
			isa = PBXVariantGroup;
			children = (
				92DE79BA20A49A56002E73F4 /* Base */,
			);
			name = MainInterface.storyboard;
			sourceTree = "<group>";
		};
/* End PBXVariantGroup section */

/* Begin XCBuildConfiguration section */
		92543EAD201B54EB00AB6B22 /* Debug */ = {
			isa = XCBuildConfiguration;
			buildSettings = {
				ALWAYS_SEARCH_USER_PATHS = NO;
				CLANG_ANALYZER_NONNULL = YES;
				CLANG_ANALYZER_NUMBER_OBJECT_CONVERSION = YES_AGGRESSIVE;
				CLANG_CXX_LANGUAGE_STANDARD = "gnu++14";
				CLANG_CXX_LIBRARY = "libc++";
				CLANG_ENABLE_MODULES = YES;
				CLANG_ENABLE_OBJC_ARC = YES;
				CLANG_WARN_BLOCK_CAPTURE_AUTORELEASING = YES;
				CLANG_WARN_BOOL_CONVERSION = YES;
				CLANG_WARN_COMMA = YES;
				CLANG_WARN_CONSTANT_CONVERSION = YES;
				CLANG_WARN_DEPRECATED_OBJC_IMPLEMENTATIONS = YES;
				CLANG_WARN_DIRECT_OBJC_ISA_USAGE = YES_ERROR;
				CLANG_WARN_DOCUMENTATION_COMMENTS = YES;
				CLANG_WARN_EMPTY_BODY = YES;
				CLANG_WARN_ENUM_CONVERSION = YES;
				CLANG_WARN_INFINITE_RECURSION = YES;
				CLANG_WARN_INT_CONVERSION = YES;
				CLANG_WARN_NON_LITERAL_NULL_CONVERSION = YES;
				CLANG_WARN_OBJC_IMPLICIT_RETAIN_SELF = YES;
				CLANG_WARN_OBJC_LITERAL_CONVERSION = YES;
				CLANG_WARN_OBJC_ROOT_CLASS = YES_ERROR;
				CLANG_WARN_RANGE_LOOP_ANALYSIS = YES;
				CLANG_WARN_STRICT_PROTOTYPES = YES;
				CLANG_WARN_SUSPICIOUS_MOVE = YES;
				CLANG_WARN_UNGUARDED_AVAILABILITY = YES_AGGRESSIVE;
				CLANG_WARN_UNREACHABLE_CODE = YES;
				CLANG_WARN__DUPLICATE_METHOD_MATCH = YES;
				CODE_SIGN_IDENTITY = "iPhone Developer";
				COPY_PHASE_STRIP = NO;
				DEBUG_INFORMATION_FORMAT = dwarf;
				ENABLE_STRICT_OBJC_MSGSEND = YES;
				ENABLE_TESTABILITY = YES;
				GCC_C_LANGUAGE_STANDARD = gnu11;
				GCC_DYNAMIC_NO_PIC = NO;
				GCC_NO_COMMON_BLOCKS = YES;
				GCC_OPTIMIZATION_LEVEL = 0;
				GCC_PREPROCESSOR_DEFINITIONS = (
					"DEBUG=1",
					"$(inherited)",
				);
				GCC_WARN_64_TO_32_BIT_CONVERSION = YES;
				GCC_WARN_ABOUT_RETURN_TYPE = YES_ERROR;
				GCC_WARN_UNDECLARED_SELECTOR = YES;
				GCC_WARN_UNINITIALIZED_AUTOS = YES_AGGRESSIVE;
				GCC_WARN_UNUSED_FUNCTION = YES;
				GCC_WARN_UNUSED_VARIABLE = YES;
				IPHONEOS_DEPLOYMENT_TARGET = 11.0;
				MTL_ENABLE_DEBUG_INFO = YES;
				ONLY_ACTIVE_ARCH = YES;
				SDKROOT = iphoneos;
				SWIFT_ACTIVE_COMPILATION_CONDITIONS = DEBUG;
				SWIFT_OPTIMIZATION_LEVEL = "-Onone";
			};
			name = Debug;
		};
		92543EAE201B54EB00AB6B22 /* Release */ = {
			isa = XCBuildConfiguration;
			buildSettings = {
				ALWAYS_SEARCH_USER_PATHS = NO;
				CLANG_ANALYZER_NONNULL = YES;
				CLANG_ANALYZER_NUMBER_OBJECT_CONVERSION = YES_AGGRESSIVE;
				CLANG_CXX_LANGUAGE_STANDARD = "gnu++14";
				CLANG_CXX_LIBRARY = "libc++";
				CLANG_ENABLE_MODULES = YES;
				CLANG_ENABLE_OBJC_ARC = YES;
				CLANG_WARN_BLOCK_CAPTURE_AUTORELEASING = YES;
				CLANG_WARN_BOOL_CONVERSION = YES;
				CLANG_WARN_COMMA = YES;
				CLANG_WARN_CONSTANT_CONVERSION = YES;
				CLANG_WARN_DEPRECATED_OBJC_IMPLEMENTATIONS = YES;
				CLANG_WARN_DIRECT_OBJC_ISA_USAGE = YES_ERROR;
				CLANG_WARN_DOCUMENTATION_COMMENTS = YES;
				CLANG_WARN_EMPTY_BODY = YES;
				CLANG_WARN_ENUM_CONVERSION = YES;
				CLANG_WARN_INFINITE_RECURSION = YES;
				CLANG_WARN_INT_CONVERSION = YES;
				CLANG_WARN_NON_LITERAL_NULL_CONVERSION = YES;
				CLANG_WARN_OBJC_IMPLICIT_RETAIN_SELF = YES;
				CLANG_WARN_OBJC_LITERAL_CONVERSION = YES;
				CLANG_WARN_OBJC_ROOT_CLASS = YES_ERROR;
				CLANG_WARN_RANGE_LOOP_ANALYSIS = YES;
				CLANG_WARN_STRICT_PROTOTYPES = YES;
				CLANG_WARN_SUSPICIOUS_MOVE = YES;
				CLANG_WARN_UNGUARDED_AVAILABILITY = YES_AGGRESSIVE;
				CLANG_WARN_UNREACHABLE_CODE = YES;
				CLANG_WARN__DUPLICATE_METHOD_MATCH = YES;
				CODE_SIGN_IDENTITY = "iPhone Developer";
				COPY_PHASE_STRIP = NO;
				DEBUG_INFORMATION_FORMAT = "dwarf-with-dsym";
				ENABLE_NS_ASSERTIONS = NO;
				ENABLE_STRICT_OBJC_MSGSEND = YES;
				GCC_C_LANGUAGE_STANDARD = gnu11;
				GCC_NO_COMMON_BLOCKS = YES;
				GCC_WARN_64_TO_32_BIT_CONVERSION = YES;
				GCC_WARN_ABOUT_RETURN_TYPE = YES_ERROR;
				GCC_WARN_UNDECLARED_SELECTOR = YES;
				GCC_WARN_UNINITIALIZED_AUTOS = YES_AGGRESSIVE;
				GCC_WARN_UNUSED_FUNCTION = YES;
				GCC_WARN_UNUSED_VARIABLE = YES;
				IPHONEOS_DEPLOYMENT_TARGET = 11.0;
				MTL_ENABLE_DEBUG_INFO = NO;
				SDKROOT = iphoneos;
				SWIFT_OPTIMIZATION_LEVEL = "-Owholemodule";
				VALIDATE_PRODUCT = YES;
			};
			name = Release;
		};
		92543EB0201B54EB00AB6B22 /* Debug */ = {
			isa = XCBuildConfiguration;
			buildSettings = {
				ALWAYS_EMBED_SWIFT_STANDARD_LIBRARIES = YES;
				ASSETCATALOG_COMPILER_APPICON_NAME = AppIcon;
				CODE_SIGN_ENTITLEMENTS = Veille/Veille.entitlements;
				CODE_SIGN_STYLE = Automatic;
				DEVELOPMENT_TEAM = YFZ9A994PW;
				INFOPLIST_FILE = Veille/Info.plist;
				IPHONEOS_DEPLOYMENT_TARGET = 11.0;
				LD_RUNPATH_SEARCH_PATHS = "$(inherited) @executable_path/Frameworks";
				PRODUCT_BUNDLE_IDENTIFIER = com.anthony.Veille;
				PRODUCT_NAME = "$(TARGET_NAME)";
				SWIFT_VERSION = 4.0;
				TARGETED_DEVICE_FAMILY = "1,2";
			};
			name = Debug;
		};
		92543EB1201B54EB00AB6B22 /* Release */ = {
			isa = XCBuildConfiguration;
			buildSettings = {
				ALWAYS_EMBED_SWIFT_STANDARD_LIBRARIES = YES;
				ASSETCATALOG_COMPILER_APPICON_NAME = AppIcon;
				CODE_SIGN_ENTITLEMENTS = Veille/Veille.entitlements;
				CODE_SIGN_STYLE = Automatic;
				DEVELOPMENT_TEAM = YFZ9A994PW;
				INFOPLIST_FILE = Veille/Info.plist;
				IPHONEOS_DEPLOYMENT_TARGET = 11.0;
				LD_RUNPATH_SEARCH_PATHS = "$(inherited) @executable_path/Frameworks";
				PRODUCT_BUNDLE_IDENTIFIER = com.anthony.Veille;
				PRODUCT_NAME = "$(TARGET_NAME)";
				SWIFT_VERSION = 4.0;
				TARGETED_DEVICE_FAMILY = "1,2";
			};
			name = Release;
		};
		92543EB3201B54EB00AB6B22 /* Debug */ = {
			isa = XCBuildConfiguration;
			buildSettings = {
				ALWAYS_EMBED_SWIFT_STANDARD_LIBRARIES = YES;
				BUNDLE_LOADER = "$(TEST_HOST)";
				CODE_SIGN_STYLE = Automatic;
				DEVELOPMENT_TEAM = YFZ9A994PW;
				INFOPLIST_FILE = VeilleTests/Info.plist;
				LD_RUNPATH_SEARCH_PATHS = "$(inherited) @executable_path/Frameworks @loader_path/Frameworks";
				PRODUCT_BUNDLE_IDENTIFIER = com.anthony.VeilleTests;
				PRODUCT_NAME = "$(TARGET_NAME)";
				SWIFT_VERSION = 4.0;
				TARGETED_DEVICE_FAMILY = "1,2";
				TEST_HOST = "$(BUILT_PRODUCTS_DIR)/Veille.app/Veille";
			};
			name = Debug;
		};
		92543EB4201B54EB00AB6B22 /* Release */ = {
			isa = XCBuildConfiguration;
			buildSettings = {
				ALWAYS_EMBED_SWIFT_STANDARD_LIBRARIES = YES;
				BUNDLE_LOADER = "$(TEST_HOST)";
				CODE_SIGN_STYLE = Automatic;
				DEVELOPMENT_TEAM = YFZ9A994PW;
				INFOPLIST_FILE = VeilleTests/Info.plist;
				LD_RUNPATH_SEARCH_PATHS = "$(inherited) @executable_path/Frameworks @loader_path/Frameworks";
				PRODUCT_BUNDLE_IDENTIFIER = com.anthony.VeilleTests;
				PRODUCT_NAME = "$(TARGET_NAME)";
				SWIFT_VERSION = 4.0;
				TARGETED_DEVICE_FAMILY = "1,2";
				TEST_HOST = "$(BUILT_PRODUCTS_DIR)/Veille.app/Veille";
			};
			name = Release;
		};
		92DE79C120A49A56002E73F4 /* Debug */ = {
			isa = XCBuildConfiguration;
			buildSettings = {
				CLANG_ENABLE_OBJC_WEAK = YES;
				CODE_SIGN_ENTITLEMENTS = WebPageSharing/WebPageSharing.entitlements;
				CODE_SIGN_STYLE = Automatic;
				DEVELOPMENT_TEAM = YFZ9A994PW;
				INFOPLIST_FILE = WebPageSharing/Info.plist;
				IPHONEOS_DEPLOYMENT_TARGET = 11.0;
				LD_RUNPATH_SEARCH_PATHS = "$(inherited) @executable_path/Frameworks @executable_path/../../Frameworks";
				PRODUCT_BUNDLE_IDENTIFIER = com.anthony.Veille.WebPageSharing;
				PRODUCT_NAME = "$(TARGET_NAME)";
				SKIP_INSTALL = YES;
				SWIFT_VERSION = 4.0;
				TARGETED_DEVICE_FAMILY = "1,2";
			};
			name = Debug;
		};
		92DE79C220A49A56002E73F4 /* Release */ = {
			isa = XCBuildConfiguration;
			buildSettings = {
				CLANG_ENABLE_OBJC_WEAK = YES;
				CODE_SIGN_ENTITLEMENTS = WebPageSharing/WebPageSharing.entitlements;
				CODE_SIGN_STYLE = Automatic;
				DEVELOPMENT_TEAM = YFZ9A994PW;
				INFOPLIST_FILE = WebPageSharing/Info.plist;
				IPHONEOS_DEPLOYMENT_TARGET = 11.0;
				LD_RUNPATH_SEARCH_PATHS = "$(inherited) @executable_path/Frameworks @executable_path/../../Frameworks";
				PRODUCT_BUNDLE_IDENTIFIER = com.anthony.Veille.WebPageSharing;
				PRODUCT_NAME = "$(TARGET_NAME)";
				SKIP_INSTALL = YES;
				SWIFT_VERSION = 4.0;
				TARGETED_DEVICE_FAMILY = "1,2";
			};
			name = Release;
		};
/* End XCBuildConfiguration section */

/* Begin XCConfigurationList section */
		92543E8B201B54EA00AB6B22 /* Build configuration list for PBXProject "Veille" */ = {
			isa = XCConfigurationList;
			buildConfigurations = (
				92543EAD201B54EB00AB6B22 /* Debug */,
				92543EAE201B54EB00AB6B22 /* Release */,
			);
			defaultConfigurationIsVisible = 0;
			defaultConfigurationName = Release;
		};
		92543EAF201B54EB00AB6B22 /* Build configuration list for PBXNativeTarget "Veille" */ = {
			isa = XCConfigurationList;
			buildConfigurations = (
				92543EB0201B54EB00AB6B22 /* Debug */,
				92543EB1201B54EB00AB6B22 /* Release */,
			);
			defaultConfigurationIsVisible = 0;
			defaultConfigurationName = Release;
		};
		92543EB2201B54EB00AB6B22 /* Build configuration list for PBXNativeTarget "VeilleTests" */ = {
			isa = XCConfigurationList;
			buildConfigurations = (
				92543EB3201B54EB00AB6B22 /* Debug */,
				92543EB4201B54EB00AB6B22 /* Release */,
			);
			defaultConfigurationIsVisible = 0;
			defaultConfigurationName = Release;
		};
		92DE79C020A49A56002E73F4 /* Build configuration list for PBXNativeTarget "WebPageSharing" */ = {
			isa = XCConfigurationList;
			buildConfigurations = (
				92DE79C120A49A56002E73F4 /* Debug */,
				92DE79C220A49A56002E73F4 /* Release */,
			);
			defaultConfigurationIsVisible = 0;
			defaultConfigurationName = Release;
		};
/* End XCConfigurationList section */

/* Begin XCVersionGroup section */
		92C4B3CD201B587200483521 /* Veille.xcdatamodeld */ = {
			isa = XCVersionGroup;
			children = (
				92C4B3CE201B587200483521 /* Veille.xcdatamodel */,
			);
			currentVersion = 92C4B3CE201B587200483521 /* Veille.xcdatamodel */;
			path = Veille.xcdatamodeld;
			sourceTree = "<group>";
			versionGroupType = wrapper.xcdatamodel;
		};
/* End XCVersionGroup section */
	};
	rootObject = 92543E88201B54EA00AB6B22 /* Project object */;
}
